{
    "hash": "def05f2a7ec692296b27c88a42e83856",
    "packages": [
        {
            "package": "doctrine/common",
            "version": "2.2.2"
        },
        {
            "package": "knplabs/gaufrette",
            "version": "v0.1"
        },
        {
            "package": "knplabs/knp-gaufrette-bundle",
            "version": "dev-master",
            "source-reference": "ca477696cc87347aa2499843e3ebd23fabf118b7",
            "commit-date": "1343910168"
        },
        {
            "package": "symfony/config",
            "version": "v2.0.16"
        },
        {
            "package": "symfony/dependency-injection",
            "version": "v2.0.16"
        },
        {
            "package": "symfony/event-dispatcher",
            "version": "v2.0.16"
        },
        {
            "package": "symfony/framework-bundle",
            "version": "v2.0.16"
        },
        {
            "package": "symfony/http-foundation",
            "version": "v2.0.16"
        },
        {
            "package": "symfony/http-kernel",
            "version": "v2.0.16"
        },
        {
            "package": "symfony/routing",
            "version": "v2.0.16"
        },
        {
            "package": "symfony/templating",
            "version": "v2.0.16"
        },
        {
            "package": "symfony/translation",
            "version": "v2.0.16"
        }
    ],
    "packages-dev": [
        {
            "package": "doctrine/dbal",
            "version": "2.2.2"
        },
        {
            "package": "doctrine/mongodb",
            "version": "dev-master",
            "alias-pretty-version": "1.0.x-dev",
            "alias-version": "1.0.9999999.9999999-dev"
        },
        {
            "package": "doctrine/mongodb",
            "version": "dev-master",
            "source-reference": "fdf44d850d7482b2cea7a0793d46999641c68e4f",
            "commit-date": "1344539108"
        },
        {
            "package": "doctrine/mongodb-odm",
            "version": "dev-master",
            "alias-pretty-version": "1.0.x-dev",
            "alias-version": "1.0.9999999.9999999-dev"
        },
        {
            "package": "doctrine/mongodb-odm",
            "version": "dev-master",
            "source-reference": "43f678b345a46d8399d86305a3d6947b3d19cfca",
            "commit-date": "1345760269"
        },
        {
            "package": "doctrine/orm",
            "version": "2.2.3"
        },
        {
            "package": "monolog/monolog",
            "version": "1.1.0"
        },
        {
            "package": "swiftmailer/swiftmailer",
            "version": "v4.1.8"
        },
        {
            "package": "symfony/symfony",
            "version": "v2.0.16"
        },
        {
            "package": "twig/twig",
            "version": "v1.9.2"
        }
    ],
    "aliases": [

    ],
    "minimum-stability": "stable",
    "stability-flags": {
        "symfony/framework-bundle": 0,
        "knplabs/knp-gaufrette-bundle": 20,
        "symfony/symfony": 0,
        "twig/twig": 0,
        "doctrine/orm": 0,
        "doctrine/common": 0,
        "doctrine/dbal": 0,
        "doctrine/mongodb": 20,
        "doctrine/mongodb-odm": 20
    }
}
